
Microsoft Visual Studio Solution File, Format Version 12.00
# Visual Studio 15
VisualStudioVersion = 15.0.27428.2005
MinimumVisualStudioVersion = 10.0.40219.1
Project("{FAE04EC0-301F-11D3-BF4B-00C04F79EFBC}") = "HelloWorldXam.Android", "HelloWorldXam\HelloWorldXam.Android\HelloWorldXam.Android.csproj", "{9FD3A962-1E0D-46A4-9B23-916CD04E9C36}"
EndProject
Project("{FAE04EC0-301F-11D3-BF4B-00C04F79EFBC}") = "HelloWorldXam.iOS", "HelloWorldXam\HelloWorldXam.iOS\HelloWorldXam.iOS.csproj", "{02C7F594-74B3-4A87-B2FA-FCA0E6103D35}"
EndProject
Project("{FAE04EC0-301F-11D3-BF4B-00C04F79EFBC}") = "HelloWorldXam.UWP", "HelloWorldXam\HelloWorldXam.UWP\HelloWorldXam.UWP.csproj", "{ED56BB1F-39AA-4454-80A5-20FA35493EC0}"
EndProject
Project("{D954291E-2A0B-460D-934E-DC6B0785DB48}") = "HelloWorldXam", "HelloWorldXam\HelloWorldXam\HelloWorldXam.shproj", "{8064FD6F-C782-4FCD-8174-BC51C5A1AFF0}"
EndProject
Global
	GlobalSection(SharedMSBuildProjectFiles) = preSolution
		HelloWorldXam\HelloWorldXam\HelloWorldXam.projitems*{02c7f594-74b3-4a87-b2fa-fca0e6103d35}*SharedItemsImports = 4
		HelloWorldXam\HelloWorldXam\HelloWorldXam.projitems*{8064fd6f-c782-4fcd-8174-bc51c5a1aff0}*SharedItemsImports = 13
		HelloWorldXam\HelloWorldXam\HelloWorldXam.projitems*{9fd3a962-1e0d-46a4-9b23-916cd04e9c36}*SharedItemsImports = 4
		HelloWorldXam\HelloWorldXam\HelloWorldXam.projitems*{ed56bb1f-39aa-4454-80a5-20fa35493ec0}*SharedItemsImports = 4
	EndGlobalSection
	GlobalSection(SolutionConfigurationPlatforms) = preSolution
		Ad-Hoc|Any CPU = Ad-Hoc|Any CPU
		Ad-Hoc|ARM = Ad-Hoc|ARM
		Ad-Hoc|iPhone = Ad-Hoc|iPhone
		Ad-Hoc|iPhoneSimulator = Ad-Hoc|iPhoneSimulator
		Ad-Hoc|x64 = Ad-Hoc|x64
		Ad-Hoc|x86 = Ad-Hoc|x86
		AppStore|Any CPU = AppStore|Any CPU
		AppStore|ARM = AppStore|ARM
		AppStore|iPhone = AppStore|iPhone
		AppStore|iPhoneSimulator = AppStore|iPhoneSimulator
		AppStore|x64 = AppStore|x64
		AppStore|x86 = AppStore|x86
		Debug|Any CPU = Debug|Any CPU
		Debug|ARM = Debug|ARM
		Debug|iPhone = Debug|iPhone
		Debug|iPhoneSimulator = Debug|iPhoneSimulator
		Debug|x64 = Debug|x64
		Debug|x86 = Debug|x86
		Release|Any CPU = Release|Any CPU
		Release|ARM = Release|ARM
		Release|iPhone = Release|iPhone
		Release|iPhoneSimulator = Release|iPhoneSimulator
		Release|x64 = Release|x64
		Release|x86 = Release|x86
	EndGlobalSection
	GlobalSection(ProjectConfigurationPlatforms) = postSolution
		{9FD3A962-1E0D-46A4-9B23-916CD04E9C36}.Ad-Hoc|Any CPU.ActiveCfg = Release|Any CPU
		{9FD3A962-1E0D-46A4-9B23-916CD04E9C36}.Ad-Hoc|Any CPU.Build.0 = Release|Any CPU
		{9FD3A962-1E0D-46A4-9B23-916CD04E9C36}.Ad-Hoc|Any CPU.Deploy.0 = Release|Any CPU
		{9FD3A962-1E0D-46A4-9B23-916CD04E9C36}.Ad-Hoc|ARM.ActiveCfg = Release|Any CPU
		{9FD3A962-1E0D-46A4-9B23-916CD04E9C36}.Ad-Hoc|ARM.Build.0 = Release|Any CPU
		{9FD3A962-1E0D-46A4-9B23-916CD04E9C36}.Ad-Hoc|ARM.Deploy.0 = Release|Any CPU
		{9FD3A962-1E0D-46A4-9B23-916CD04E9C36}.Ad-Hoc|iPhone.ActiveCfg = Release|Any CPU
		{9FD3A962-1E0D-46A4-9B23-916CD04E9C36}.Ad-Hoc|iPhone.Build.0 = Release|Any CPU
		{9FD3A962-1E0D-46A4-9B23-916CD04E9C36}.Ad-Hoc|iPhone.Deploy.0 = Release|Any CPU
		{9FD3A962-1E0D-46A4-9B23-916CD04E9C36}.Ad-Hoc|iPhoneSimulator.ActiveCfg = Release|Any CPU
		{9FD3A962-1E0D-46A4-9B23-916CD04E9C36}.Ad-Hoc|iPhoneSimulator.Build.0 = Release|Any CPU
		{9FD3A962-1E0D-46A4-9B23-916CD04E9C36}.Ad-Hoc|iPhoneSimulator.Deploy.0 = Release|Any CPU
		{9FD3A962-1E0D-46A4-9B23-916CD04E9C36}.Ad-Hoc|x64.ActiveCfg = Release|Any CPU
		{9FD3A962-1E0D-46A4-9B23-916CD04E9C36}.Ad-Hoc|x64.Build.0 = Release|Any CPU
		{9FD3A962-1E0D-46A4-9B23-916CD04E9C36}.Ad-Hoc|x64.Deploy.0 = Release|Any CPU
		{9FD3A962-1E0D-46A4-9B23-916CD04E9C36}.Ad-Hoc|x86.ActiveCfg = Release|Any CPU
		{9FD3A962-1E0D-46A4-9B23-916CD04E9C36}.Ad-Hoc|x86.Build.0 = Release|Any CPU
		{9FD3A962-1E0D-46A4-9B23-916CD04E9C36}.Ad-Hoc|x86.Deploy.0 = Release|Any CPU
		{9FD3A962-1E0D-46A4-9B23-916CD04E9C36}.AppStore|Any CPU.ActiveCfg = Release|Any CPU
		{9FD3A962-1E0D-46A4-9B23-916CD04E9C36}.AppStore|Any CPU.Build.0 = Release|Any CPU
		{9FD3A962-1E0D-46A4-9B23-916CD04E9C36}.AppStore|Any CPU.Deploy.0 = Release|Any CPU
		{9FD3A962-1E0D-46A4-9B23-916CD04E9C36}.AppStore|ARM.ActiveCfg = Release|Any CPU
		{9FD3A962-1E0D-46A4-9B23-916CD04E9C36}.AppStore|ARM.Build.0 = Release|Any CPU
		{9FD3A962-1E0D-46A4-9B23-916CD04E9C36}.AppStore|ARM.Deploy.0 = Release|Any CPU
		{9FD3A962-1E0D-46A4-9B23-916CD04E9C36}.AppStore|iPhone.ActiveCfg = Release|Any CPU
		{9FD3A962-1E0D-46A4-9B23-916CD04E9C36}.AppStore|iPhone.Build.0 = Release|Any CPU
		{9FD3A962-1E0D-46A4-9B23-916CD04E9C36}.AppStore|iPhone.Deploy.0 = Release|Any CPU
		{9FD3A962-1E0D-46A4-9B23-916CD04E9C36}.AppStore|iPhoneSimulator.ActiveCfg = Release|Any CPU
		{9FD3A962-1E0D-46A4-9B23-916CD04E9C36}.AppStore|iPhoneSimulator.Build.0 = Release|Any CPU
		{9FD3A962-1E0D-46A4-9B23-916CD04E9C36}.AppStore|iPhoneSimulator.Deploy.0 = Release|Any CPU
		{9FD3A962-1E0D-46A4-9B23-916CD04E9C36}.AppStore|x64.ActiveCfg = Release|Any CPU
		{9FD3A962-1E0D-46A4-9B23-916CD04E9C36}.AppStore|x64.Build.0 = Release|Any CPU
		{9FD3A962-1E0D-46A4-9B23-916CD04E9C36}.AppStore|x64.Deploy.0 = Release|Any CPU
		{9FD3A962-1E0D-46A4-9B23-916CD04E9C36}.AppStore|x86.ActiveCfg = Release|Any CPU
		{9FD3A962-1E0D-46A4-9B23-916CD04E9C36}.AppStore|x86.Build.0 = Release|Any CPU
		{9FD3A962-1E0D-46A4-9B23-916CD04E9C36}.AppStore|x86.Deploy.0 = Release|Any CPU
		{9FD3A962-1E0D-46A4-9B23-916CD04E9C36}.Debug|Any CPU.ActiveCfg = Debug|Any CPU
		{9FD3A962-1E0D-46A4-9B23-916CD04E9C36}.Debug|Any CPU.Build.0 = Debug|Any CPU
		{9FD3A962-1E0D-46A4-9B23-916CD04E9C36}.Debug|Any CPU.Deploy.0 = Debug|Any CPU
		{9FD3A962-1E0D-46A4-9B23-916CD04E9C36}.Debug|ARM.ActiveCfg = Debug|Any CPU
		{9FD3A962-1E0D-46A4-9B23-916CD04E9C36}.Debug|ARM.Build.0 = Debug|Any CPU
		{9FD3A962-1E0D-46A4-9B23-916CD04E9C36}.Debug|ARM.Deploy.0 = Debug|Any CPU
		{9FD3A962-1E0D-46A4-9B23-916CD04E9C36}.Debug|iPhone.ActiveCfg = Debug|Any CPU
		{9FD3A962-1E0D-46A4-9B23-916CD04E9C36}.Debug|iPhone.Build.0 = Debug|Any CPU
		{9FD3A962-1E0D-46A4-9B23-916CD04E9C36}.Debug|iPhone.Deploy.0 = Debug|Any CPU
		{9FD3A962-1E0D-46A4-9B23-916CD04E9C36}.Debug|iPhoneSimulator.ActiveCfg = Debug|Any CPU
		{9FD3A962-1E0D-46A4-9B23-916CD04E9C36}.Debug|iPhoneSimulator.Build.0 = Debug|Any CPU
		{9FD3A962-1E0D-46A4-9B23-916CD04E9C36}.Debug|iPhoneSimulator.Deploy.0 = Debug|Any CPU
		{9FD3A962-1E0D-46A4-9B23-916CD04E9C36}.Debug|x64.ActiveCfg = Debug|Any CPU
		{9FD3A962-1E0D-46A4-9B23-916CD04E9C36}.Debug|x64.Build.0 = Debug|Any CPU
		{9FD3A962-1E0D-46A4-9B23-916CD04E9C36}.Debug|x64.Deploy.0 = Debug|Any CPU
		{9FD3A962-1E0D-46A4-9B23-916CD04E9C36}.Debug|x86.ActiveCfg = Debug|Any CPU
		{9FD3A962-1E0D-46A4-9B23-916CD04E9C36}.Debug|x86.Build.0 = Debug|Any CPU
		{9FD3A962-1E0D-46A4-9B23-916CD04E9C36}.Debug|x86.Deploy.0 = Debug|Any CPU
		{9FD3A962-1E0D-46A4-9B23-916CD04E9C36}.Release|Any CPU.ActiveCfg = Release|Any CPU
		{9FD3A962-1E0D-46A4-9B23-916CD04E9C36}.Release|Any CPU.Build.0 = Release|Any CPU
		{9FD3A962-1E0D-46A4-9B23-916CD04E9C36}.Release|Any CPU.Deploy.0 = Release|Any CPU
		{9FD3A962-1E0D-46A4-9B23-916CD04E9C36}.Release|ARM.ActiveCfg = Release|Any CPU
		{9FD3A962-1E0D-46A4-9B23-916CD04E9C36}.Release|ARM.Build.0 = Release|Any CPU
		{9FD3A962-1E0D-46A4-9B23-916CD04E9C36}.Release|ARM.Deploy.0 = Release|Any CPU
		{9FD3A962-1E0D-46A4-9B23-916CD04E9C36}.Release|iPhone.ActiveCfg = Release|Any CPU
		{9FD3A962-1E0D-46A4-9B23-916CD04E9C36}.Release|iPhone.Build.0 = Release|Any CPU
		{9FD3A962-1E0D-46A4-9B23-916CD04E9C36}.Release|iPhone.Deploy.0 = Release|Any CPU
		{9FD3A962-1E0D-46A4-9B23-916CD04E9C36}.Release|iPhoneSimulator.ActiveCfg = Release|Any CPU
		{9FD3A962-1E0D-46A4-9B23-916CD04E9C36}.Release|iPhoneSimulator.Build.0 = Release|Any CPU
		{9FD3A962-1E0D-46A4-9B23-916CD04E9C36}.Release|iPhoneSimulator.Deploy.0 = Release|Any CPU
		{9FD3A962-1E0D-46A4-9B23-916CD04E9C36}.Release|x64.ActiveCfg = Release|Any CPU
		{9FD3A962-1E0D-46A4-9B23-916CD04E9C36}.Release|x64.Build.0 = Release|Any CPU
		{9FD3A962-1E0D-46A4-9B23-916CD04E9C36}.Release|x64.Deploy.0 = Release|Any CPU
		{9FD3A962-1E0D-46A4-9B23-916CD04E9C36}.Release|x86.ActiveCfg = Release|Any CPU
		{9FD3A962-1E0D-46A4-9B23-916CD04E9C36}.Release|x86.Build.0 = Release|Any CPU
		{9FD3A962-1E0D-46A4-9B23-916CD04E9C36}.Release|x86.Deploy.0 = Release|Any CPU
		{02C7F594-74B3-4A87-B2FA-FCA0E6103D35}.Ad-Hoc|Any CPU.ActiveCfg = Ad-Hoc|iPhone
		{02C7F594-74B3-4A87-B2FA-FCA0E6103D35}.Ad-Hoc|ARM.ActiveCfg = Ad-Hoc|iPhone
		{02C7F594-74B3-4A87-B2FA-FCA0E6103D35}.Ad-Hoc|iPhone.ActiveCfg = Ad-Hoc|iPhone
		{02C7F594-74B3-4A87-B2FA-FCA0E6103D35}.Ad-Hoc|iPhone.Build.0 = Ad-Hoc|iPhone
		{02C7F594-74B3-4A87-B2FA-FCA0E6103D35}.Ad-Hoc|iPhoneSimulator.ActiveCfg = Ad-Hoc|iPhoneSimulator
		{02C7F594-74B3-4A87-B2FA-FCA0E6103D35}.Ad-Hoc|iPhoneSimulator.Build.0 = Ad-Hoc|iPhoneSimulator
		{02C7F594-74B3-4A87-B2FA-FCA0E6103D35}.Ad-Hoc|x64.ActiveCfg = Ad-Hoc|iPhone
		{02C7F594-74B3-4A87-B2FA-FCA0E6103D35}.Ad-Hoc|x86.ActiveCfg = Ad-Hoc|iPhone
		{02C7F594-74B3-4A87-B2FA-FCA0E6103D35}.AppStore|Any CPU.ActiveCfg = AppStore|iPhone
		{02C7F594-74B3-4A87-B2FA-FCA0E6103D35}.AppStore|ARM.ActiveCfg = AppStore|iPhone
		{02C7F594-74B3-4A87-B2FA-FCA0E6103D35}.AppStore|iPhone.ActiveCfg = AppStore|iPhone
		{02C7F594-74B3-4A87-B2FA-FCA0E6103D35}.AppStore|iPhone.Build.0 = AppStore|iPhone
		{02C7F594-74B3-4A87-B2FA-FCA0E6103D35}.AppStore|iPhoneSimulator.ActiveCfg = AppStore|iPhoneSimulator
		{02C7F594-74B3-4A87-B2FA-FCA0E6103D35}.AppStore|iPhoneSimulator.Build.0 = AppStore|iPhoneSimulator
		{02C7F594-74B3-4A87-B2FA-FCA0E6103D35}.AppStore|x64.ActiveCfg = AppStore|iPhone
		{02C7F594-74B3-4A87-B2FA-FCA0E6103D35}.AppStore|x86.ActiveCfg = AppStore|iPhone
		{02C7F594-74B3-4A87-B2FA-FCA0E6103D35}.Debug|Any CPU.ActiveCfg = Debug|iPhone
		{02C7F594-74B3-4A87-B2FA-FCA0E6103D35}.Debug|ARM.ActiveCfg = Debug|iPhone
		{02C7F594-74B3-4A87-B2FA-FCA0E6103D35}.Debug|iPhone.ActiveCfg = Debug|iPhone
		{02C7F594-74B3-4A87-B2FA-FCA0E6103D35}.Debug|iPhone.Build.0 = Debug|iPhone
		{02C7F594-74B3-4A87-B2FA-FCA0E6103D35}.Debug|iPhoneSimulator.ActiveCfg = Debug|iPhoneSimulator
		{02C7F594-74B3-4A87-B2FA-FCA0E6103D35}.Debug|iPhoneSimulator.Build.0 = Debug|iPhoneSimulator
		{02C7F594-74B3-4A87-B2FA-FCA0E6103D35}.Debug|x64.ActiveCfg = Debug|iPhone
		{02C7F594-74B3-4A87-B2FA-FCA0E6103D35}.Debug|x86.ActiveCfg = Debug|iPhone
		{02C7F594-74B3-4A87-B2FA-FCA0E6103D35}.Release|Any CPU.ActiveCfg = Release|iPhone
		{02C7F594-74B3-4A87-B2FA-FCA0E6103D35}.Release|ARM.ActiveCfg = Release|iPhone
		{02C7F594-74B3-4A87-B2FA-FCA0E6103D35}.Release|iPhone.ActiveCfg = Release|iPhone
		{02C7F594-74B3-4A87-B2FA-FCA0E6103D35}.Release|iPhone.Build.0 = Release|iPhone
		{02C7F594-74B3-4A87-B2FA-FCA0E6103D35}.Release|iPhoneSimulator.ActiveCfg = Release|iPhoneSimulator
		{02C7F594-74B3-4A87-B2FA-FCA0E6103D35}.Release|iPhoneSimulator.Build.0 = Release|iPhoneSimulator
		{02C7F594-74B3-4A87-B2FA-FCA0E6103D35}.Release|x64.ActiveCfg = Release|iPhone
		{02C7F594-74B3-4A87-B2FA-FCA0E6103D35}.Release|x86.ActiveCfg = Release|iPhone
		{ED56BB1F-39AA-4454-80A5-20FA35493EC0}.Ad-Hoc|Any CPU.ActiveCfg = Release|x86
		{ED56BB1F-39AA-4454-80A5-20FA35493EC0}.Ad-Hoc|Any CPU.Build.0 = Release|x86
		{ED56BB1F-39AA-4454-80A5-20FA35493EC0}.Ad-Hoc|Any CPU.Deploy.0 = Release|x86
		{ED56BB1F-39AA-4454-80A5-20FA35493EC0}.Ad-Hoc|ARM.ActiveCfg = Release|ARM
		{ED56BB1F-39AA-4454-80A5-20FA35493EC0}.Ad-Hoc|ARM.Build.0 = Release|ARM
		{ED56BB1F-39AA-4454-80A5-20FA35493EC0}.Ad-Hoc|ARM.Deploy.0 = Release|ARM
		{ED56BB1F-39AA-4454-80A5-20FA35493EC0}.Ad-Hoc|iPhone.ActiveCfg = Release|x86
		{ED56BB1F-39AA-4454-80A5-20FA35493EC0}.Ad-Hoc|iPhone.Build.0 = Release|x86
		{ED56BB1F-39AA-4454-80A5-20FA35493EC0}.Ad-Hoc|iPhone.Deploy.0 = Release|x86
		{ED56BB1F-39AA-4454-80A5-20FA35493EC0}.Ad-Hoc|iPhoneSimulator.ActiveCfg = Release|x86
		{ED56BB1F-39AA-4454-80A5-20FA35493EC0}.Ad-Hoc|iPhoneSimulator.Build.0 = Release|x86
		{ED56BB1F-39AA-4454-80A5-20FA35493EC0}.Ad-Hoc|iPhoneSimulator.Deploy.0 = Release|x86
		{ED56BB1F-39AA-4454-80A5-20FA35493EC0}.Ad-Hoc|x64.ActiveCfg = Release|x64
		{ED56BB1F-39AA-4454-80A5-20FA35493EC0}.Ad-Hoc|x64.Build.0 = Release|x64
		{ED56BB1F-39AA-4454-80A5-20FA35493EC0}.Ad-Hoc|x64.Deploy.0 = Release|x64
		{ED56BB1F-39AA-4454-80A5-20FA35493EC0}.Ad-Hoc|x86.ActiveCfg = Release|x86
		{ED56BB1F-39AA-4454-80A5-20FA35493EC0}.Ad-Hoc|x86.Build.0 = Release|x86
		{ED56BB1F-39AA-4454-80A5-20FA35493EC0}.Ad-Hoc|x86.Deploy.0 = Release|x86
		{ED56BB1F-39AA-4454-80A5-20FA35493EC0}.AppStore|Any CPU.ActiveCfg = Release|x86
		{ED56BB1F-39AA-4454-80A5-20FA35493EC0}.AppStore|Any CPU.Build.0 = Release|x86
		{ED56BB1F-39AA-4454-80A5-20FA35493EC0}.AppStore|Any CPU.Deploy.0 = Release|x86
		{ED56BB1F-39AA-4454-80A5-20FA35493EC0}.AppStore|ARM.ActiveCfg = Release|ARM
		{ED56BB1F-39AA-4454-80A5-20FA35493EC0}.AppStore|ARM.Build.0 = Release|ARM
		{ED56BB1F-39AA-4454-80A5-20FA35493EC0}.AppStore|ARM.Deploy.0 = Release|ARM
		{ED56BB1F-39AA-4454-80A5-20FA35493EC0}.AppStore|iPhone.ActiveCfg = Release|x86
		{ED56BB1F-39AA-4454-80A5-20FA35493EC0}.AppStore|iPhone.Build.0 = Release|x86
		{ED56BB1F-39AA-4454-80A5-20FA35493EC0}.AppStore|iPhone.Deploy.0 = Release|x86
		{ED56BB1F-39AA-4454-80A5-20FA35493EC0}.AppStore|iPhoneSimulator.ActiveCfg = Release|x86
		{ED56BB1F-39AA-4454-80A5-20FA35493EC0}.AppStore|iPhoneSimulator.Build.0 = Release|x86
		{ED56BB1F-39AA-4454-80A5-20FA35493EC0}.AppStore|iPhoneSimulator.Deploy.0 = Release|x86
		{ED56BB1F-39AA-4454-80A5-20FA35493EC0}.AppStore|x64.ActiveCfg = Release|x64
		{ED56BB1F-39AA-4454-80A5-20FA35493EC0}.AppStore|x64.Build.0 = Release|x64
		{ED56BB1F-39AA-4454-80A5-20FA35493EC0}.AppStore|x64.Deploy.0 = Release|x64
		{ED56BB1F-39AA-4454-80A5-20FA35493EC0}.AppStore|x86.ActiveCfg = Release|x86
		{ED56BB1F-39AA-4454-80A5-20FA35493EC0}.AppStore|x86.Build.0 = Release|x86
		{ED56BB1F-39AA-4454-80A5-20FA35493EC0}.AppStore|x86.Deploy.0 = Release|x86
		{ED56BB1F-39AA-4454-80A5-20FA35493EC0}.Debug|Any CPU.ActiveCfg = Debug|x86
		{ED56BB1F-39AA-4454-80A5-20FA35493EC0}.Debug|ARM.ActiveCfg = Debug|ARM
		{ED56BB1F-39AA-4454-80A5-20FA35493EC0}.Debug|ARM.Build.0 = Debug|ARM
		{ED56BB1F-39AA-4454-80A5-20FA35493EC0}.Debug|ARM.Deploy.0 = Debug|ARM
		{ED56BB1F-39AA-4454-80A5-20FA35493EC0}.Debug|iPhone.ActiveCfg = Debug|x86
		{ED56BB1F-39AA-4454-80A5-20FA35493EC0}.Debug|iPhoneSimulator.ActiveCfg = Debug|x86
		{ED56BB1F-39AA-4454-80A5-20FA35493EC0}.Debug|x64.ActiveCfg = Debug|x64
		{ED56BB1F-39AA-4454-80A5-20FA35493EC0}.Debug|x64.Build.0 = Debug|x64
		{ED56BB1F-39AA-4454-80A5-20FA35493EC0}.Debug|x64.Deploy.0 = Debug|x64
		{ED56BB1F-39AA-4454-80A5-20FA35493EC0}.Debug|x86.ActiveCfg = Debug|x86
		{ED56BB1F-39AA-4454-80A5-20FA35493EC0}.Debug|x86.Build.0 = Debug|x86
		{ED56BB1F-39AA-4454-80A5-20FA35493EC0}.Debug|x86.Deploy.0 = Debug|x86
		{ED56BB1F-39AA-4454-80A5-20FA35493EC0}.Release|Any CPU.ActiveCfg = Release|x86
		{ED56BB1F-39AA-4454-80A5-20FA35493EC0}.Release|ARM.ActiveCfg = Release|ARM
		{ED56BB1F-39AA-4454-80A5-20FA35493EC0}.Release|ARM.Build.0 = Release|ARM
		{ED56BB1F-39AA-4454-80A5-20FA35493EC0}.Release|ARM.Deploy.0 = Release|ARM
		{ED56BB1F-39AA-4454-80A5-20FA35493EC0}.Release|iPhone.ActiveCfg = Release|x86
		{ED56BB1F-39AA-4454-80A5-20FA35493EC0}.Release|iPhoneSimulator.ActiveCfg = Release|x86
		{ED56BB1F-39AA-4454-80A5-20FA35493EC0}.Release|x64.ActiveCfg = Release|x64
		{ED56BB1F-39AA-4454-80A5-20FA35493EC0}.Release|x64.Build.0 = Release|x64
		{ED56BB1F-39AA-4454-80A5-20FA35493EC0}.Release|x64.Deploy.0 = Release|x64
		{ED56BB1F-39AA-4454-80A5-20FA35493EC0}.Release|x86.ActiveCfg = Release|x86
		{ED56BB1F-39AA-4454-80A5-20FA35493EC0}.Release|x86.Build.0 = Release|x86
		{ED56BB1F-39AA-4454-80A5-20FA35493EC0}.Release|x86.Deploy.0 = Release|x86
	EndGlobalSection
	GlobalSection(SolutionProperties) = preSolution
		HideSolutionNode = FALSE
	EndGlobalSection
	GlobalSection(ExtensibilityGlobals) = postSolution
		SolutionGuid = {C7F3DE46-7692-4DF5-9AFA-1FE7704897F4}
	EndGlobalSection
EndGlobal
